
Microsoft Visual Studio Solution File, Format Version 12.00
# Visual Studio Version 17
VisualStudioVersion = 17.3.32929.385
MinimumVisualStudioVersion = 10.0.40219.1
Project("{2150E333-8FDC-42A3-9474-1A3956D46DE8}") = "_", "_", "{6E4F0E80-14BD-425A-822B-772D462F8F19}"
	ProjectSection(SolutionItems) = preProject
		ReadMe.txt = ReadMe.txt
	EndProjectSection
EndProject
Project("{2150E333-8FDC-42A3-9474-1A3956D46DE8}") = "00", "00", "{F40D7BA6-FA1D-40D9-9DC5-FB64F182C12F}"
EndProject
Project("{2150E333-8FDC-42A3-9474-1A3956D46DE8}") = "01", "01", "{504F19A4-A9E9-45F1-9B6C-CFE6BAB370F8}"
EndProject
Project("{2150E333-8FDC-42A3-9474-1A3956D46DE8}") = "02", "02", "{06B0884A-0BEB-4FE7-8950-039A393C5BB9}"
EndProject
Project("{2150E333-8FDC-42A3-9474-1A3956D46DE8}") = "03 Promjena postavki imenika", "03 Promjena postavki imenika", "{B102E69B-43EF-4139-82D1-AA9C81EB47D3}"
EndProject
Project("{2150E333-8FDC-42A3-9474-1A3956D46DE8}") = "04", "04", "{E54C631F-22C1-4D93-B049-8DF7C818A446}"
EndProject
Project("{9A19103F-16F7-4668-BE54-9A1E7A4F7556}") = "Main", "Main\Main.csproj", "{747CC532-08C0-4C18-AA9E-23FD3F60F680}"
EndProject
Project("{9A19103F-16F7-4668-BE54-9A1E7A4F7556}") = "DokumentacijskiKomentari", "DokumentacijskiKomentari\DokumentacijskiKomentari.csproj", "{7880B491-CB6D-4D83-BE35-0309A95A0F2E}"
EndProject
Project("{9A19103F-16F7-4668-BE54-9A1E7A4F7556}") = "Imenici", "Imenici\Imenici.csproj", "{083FEE94-94BA-444C-A439-A4EFF9D17093}"
EndProject
Project("{9A19103F-16F7-4668-BE54-9A1E7A4F7556}") = "Identifikatori", "Identifikatori\Identifikatori.csproj", "{C67B43D5-423E-4CDC-BD2E-3A996DF126FA}"
EndProject
Project("{FAE04EC0-301F-11D3-BF4B-00C04F79EFBC}") = "PostavkeImenika", "PostavkeImenika\PostavkeImenika.csproj", "{2710C3E7-941B-4648-B3ED-A57B8290BECD}"
EndProject
Global
	GlobalSection(SolutionConfigurationPlatforms) = preSolution
		Debug|Any CPU = Debug|Any CPU
		Release|Any CPU = Release|Any CPU
	EndGlobalSection
	GlobalSection(ProjectConfigurationPlatforms) = postSolution
		{747CC532-08C0-4C18-AA9E-23FD3F60F680}.Debug|Any CPU.ActiveCfg = Debug|Any CPU
		{747CC532-08C0-4C18-AA9E-23FD3F60F680}.Debug|Any CPU.Build.0 = Debug|Any CPU
		{747CC532-08C0-4C18-AA9E-23FD3F60F680}.Release|Any CPU.ActiveCfg = Release|Any CPU
		{747CC532-08C0-4C18-AA9E-23FD3F60F680}.Release|Any CPU.Build.0 = Release|Any CPU
		{7880B491-CB6D-4D83-BE35-0309A95A0F2E}.Debug|Any CPU.ActiveCfg = Debug|Any CPU
		{7880B491-CB6D-4D83-BE35-0309A95A0F2E}.Debug|Any CPU.Build.0 = Debug|Any CPU
		{7880B491-CB6D-4D83-BE35-0309A95A0F2E}.Release|Any CPU.ActiveCfg = Release|Any CPU
		{7880B491-CB6D-4D83-BE35-0309A95A0F2E}.Release|Any CPU.Build.0 = Release|Any CPU
		{083FEE94-94BA-444C-A439-A4EFF9D17093}.Debug|Any CPU.ActiveCfg = Debug|Any CPU
		{083FEE94-94BA-444C-A439-A4EFF9D17093}.Debug|Any CPU.Build.0 = Debug|Any CPU
		{083FEE94-94BA-444C-A439-A4EFF9D17093}.Release|Any CPU.ActiveCfg = Release|Any CPU
		{083FEE94-94BA-444C-A439-A4EFF9D17093}.Release|Any CPU.Build.0 = Release|Any CPU
		{C67B43D5-423E-4CDC-BD2E-3A996DF126FA}.Debug|Any CPU.ActiveCfg = Debug|Any CPU
		{C67B43D5-423E-4CDC-BD2E-3A996DF126FA}.Debug|Any CPU.Build.0 = Debug|Any CPU
		{C67B43D5-423E-4CDC-BD2E-3A996DF126FA}.Release|Any CPU.ActiveCfg = Release|Any CPU
		{C67B43D5-423E-4CDC-BD2E-3A996DF126FA}.Release|Any CPU.Build.0 = Release|Any CPU
		{2710C3E7-941B-4648-B3ED-A57B8290BECD}.Debug|Any CPU.ActiveCfg = Debug|Any CPU
		{2710C3E7-941B-4648-B3ED-A57B8290BECD}.Debug|Any CPU.Build.0 = Debug|Any CPU
		{2710C3E7-941B-4648-B3ED-A57B8290BECD}.Release|Any CPU.ActiveCfg = Release|Any CPU
		{2710C3E7-941B-4648-B3ED-A57B8290BECD}.Release|Any CPU.Build.0 = Release|Any CPU
	EndGlobalSection
	GlobalSection(SolutionProperties) = preSolution
		HideSolutionNode = FALSE
	EndGlobalSection
	GlobalSection(NestedProjects) = preSolution
		{747CC532-08C0-4C18-AA9E-23FD3F60F680} = {F40D7BA6-FA1D-40D9-9DC5-FB64F182C12F}
		{7880B491-CB6D-4D83-BE35-0309A95A0F2E} = {504F19A4-A9E9-45F1-9B6C-CFE6BAB370F8}
		{083FEE94-94BA-444C-A439-A4EFF9D17093} = {06B0884A-0BEB-4FE7-8950-039A393C5BB9}
		{C67B43D5-423E-4CDC-BD2E-3A996DF126FA} = {E54C631F-22C1-4D93-B049-8DF7C818A446}
		{2710C3E7-941B-4648-B3ED-A57B8290BECD} = {B102E69B-43EF-4139-82D1-AA9C81EB47D3}
	EndGlobalSection
	GlobalSection(ExtensibilityGlobals) = postSolution
		SolutionGuid = {07666451-F63C-478E-B0B3-1D2E52D53EBA}
	EndGlobalSection
EndGlobal
